
Microsoft Visual Studio Solution File, Format Version 12.00
# Visual Studio Version 17
VisualStudioVersion = 17.2.32630.192
MinimumVisualStudioVersion = 10.0.40219.1
Project("{FAE04EC0-301F-11D3-BF4B-00C04F79EFBC}") = "PV2003Threads", "PV2003Threads\PV2003Threads.csproj", "{C2F942C1-5193-431C-A4CA-39E40CCF0128}"
EndProject
Global
	GlobalSection(SolutionConfigurationPlatforms) = preSolution
		Debug|Any CPU = Debug|Any CPU
		Release|Any CPU = Release|Any CPU
	EndGlobalSection
	GlobalSection(ProjectConfigurationPlatforms) = postSolution
		{C2F942C1-5193-431C-A4CA-39E40CCF0128}.Debug|Any CPU.ActiveCfg = Debug|Any CPU
		{C2F942C1-5193-431C-A4CA-39E40CCF0128}.Debug|Any CPU.Build.0 = Debug|Any CPU
		{C2F942C1-5193-431C-A4CA-39E40CCF0128}.Release|Any CPU.ActiveCfg = Release|Any CPU
		{C2F942C1-5193-431C-A4CA-39E40CCF0128}.Release|Any CPU.Build.0 = Release|Any CPU
	EndGlobalSection
	GlobalSection(SolutionProperties) = preSolution
		HideSolutionNode = FALSE
	EndGlobalSection
	GlobalSection(ExtensibilityGlobals) = postSolution
		SolutionGuid = {6455449A-011B-4D03-9EA9-7C689F82A0C8}
	EndGlobalSection
EndGlobal
